
Microsoft Visual Studio Solution File, Format Version 12.00
# Visual Studio Version 16
VisualStudioVersion = 16.0.30804.86
MinimumVisualStudioVersion = 10.0.40219.1
Project("{9A19103F-16F7-4668-BE54-9A1E7A4F7556}") = "User.API", "User.API.csproj", "{ACF7BE5E-C786-4CFD-A4D9-B1DB3DC10AEA}"
EndProject
Project("{FAE04EC0-301F-11D3-BF4B-00C04F79EFBC}") = "User.API.Tests", "User.API.Tests\User.API.Tests.csproj", "{D1DF8B48-5488-40E5-AC37-A00798E968E5}"
EndProject
Global
	GlobalSection(SolutionConfigurationPlatforms) = preSolution
		Debug|Any CPU = Debug|Any CPU
		Release|Any CPU = Release|Any CPU
	EndGlobalSection
	GlobalSection(ProjectConfigurationPlatforms) = postSolution
		{ACF7BE5E-C786-4CFD-A4D9-B1DB3DC10AEA}.Debug|Any CPU.ActiveCfg = Debug|Any CPU
		{ACF7BE5E-C786-4CFD-A4D9-B1DB3DC10AEA}.Debug|Any CPU.Build.0 = Debug|Any CPU
		{ACF7BE5E-C786-4CFD-A4D9-B1DB3DC10AEA}.Release|Any CPU.ActiveCfg = Release|Any CPU
		{ACF7BE5E-C786-4CFD-A4D9-B1DB3DC10AEA}.Release|Any CPU.Build.0 = Release|Any CPU
		{D1DF8B48-5488-40E5-AC37-A00798E968E5}.Debug|Any CPU.ActiveCfg = Debug|Any CPU
		{D1DF8B48-5488-40E5-AC37-A00798E968E5}.Debug|Any CPU.Build.0 = Debug|Any CPU
		{D1DF8B48-5488-40E5-AC37-A00798E968E5}.Release|Any CPU.ActiveCfg = Release|Any CPU
		{D1DF8B48-5488-40E5-AC37-A00798E968E5}.Release|Any CPU.Build.0 = Release|Any CPU
	EndGlobalSection
	GlobalSection(SolutionProperties) = preSolution
		HideSolutionNode = FALSE
	EndGlobalSection
	GlobalSection(ExtensibilityGlobals) = postSolution
		SolutionGuid = {3CF83752-136A-4FF1-97A5-DE1E476F30A8}
	EndGlobalSection
EndGlobal
